
Microsoft Visual Studio Solution File, Format Version 12.00
# Visual Studio 14
VisualStudioVersion = 14.0.25420.1
MinimumVisualStudioVersion = 10.0.40219.1
Project("{FAE04EC0-301F-11D3-BF4B-00C04F79EFBC}") = "refactor-me", "refactor-me\refactor-me.csproj", "{20AB69F9-F2D3-4A68-96C3-424EC8B9406E}"
EndProject

Project("{FAE04EC0-301F-11D3-BF4B-00C04F79EFBC}") = "Refactorme.Repository.Contracts", "Refactorme.Repository.Contracts\Refactorme.Repository.Contracts.csproj", "{96ED93A6-DA48-4F11-9C10-E402A40BB701}"
EndProject
Project("{FAE04EC0-301F-11D3-BF4B-00C04F79EFBC}") = "Refactoreme.Data.Models", "Refactoreme.Data.Models\Refactoreme.Data.Models.csproj", "{1640D0BA-42B3-4B45-A242-F20460FF74A3}"
EndProject
Project("{FAE04EC0-301F-11D3-BF4B-00C04F79EFBC}") = "Refactorme.Repository", "Refactorme.Repository\Refactorme.Repository.csproj", "{2788E1B0-6D1D-46D6-B4E1-20D3072AC425}"
EndProject

Global
	GlobalSection(SolutionConfigurationPlatforms) = preSolution
		Debug|Any CPU = Debug|Any CPU
		Release|Any CPU = Release|Any CPU
	EndGlobalSection
	GlobalSection(ProjectConfigurationPlatforms) = postSolution
		{20AB69F9-F2D3-4A68-96C3-424EC8B9406E}.Debug|Any CPU.ActiveCfg = Debug|Any CPU
		{20AB69F9-F2D3-4A68-96C3-424EC8B9406E}.Debug|Any CPU.Build.0 = Debug|Any CPU
		{20AB69F9-F2D3-4A68-96C3-424EC8B9406E}.Release|Any CPU.ActiveCfg = Release|Any CPU
		{20AB69F9-F2D3-4A68-96C3-424EC8B9406E}.Release|Any CPU.Build.0 = Release|Any CPU
		{96ED93A6-DA48-4F11-9C10-E402A40BB701}.Debug|Any CPU.ActiveCfg = Debug|Any CPU
		{96ED93A6-DA48-4F11-9C10-E402A40BB701}.Debug|Any CPU.Build.0 = Debug|Any CPU
		{96ED93A6-DA48-4F11-9C10-E402A40BB701}.Release|Any CPU.ActiveCfg = Release|Any CPU
		{96ED93A6-DA48-4F11-9C10-E402A40BB701}.Release|Any CPU.Build.0 = Release|Any CPU
		{1640D0BA-42B3-4B45-A242-F20460FF74A3}.Debug|Any CPU.ActiveCfg = Debug|Any CPU
		{1640D0BA-42B3-4B45-A242-F20460FF74A3}.Debug|Any CPU.Build.0 = Debug|Any CPU
		{1640D0BA-42B3-4B45-A242-F20460FF74A3}.Release|Any CPU.ActiveCfg = Release|Any CPU
		{1640D0BA-42B3-4B45-A242-F20460FF74A3}.Release|Any CPU.Build.0 = Release|Any CPU
		{2788E1B0-6D1D-46D6-B4E1-20D3072AC425}.Debug|Any CPU.ActiveCfg = Debug|Any CPU
		{2788E1B0-6D1D-46D6-B4E1-20D3072AC425}.Debug|Any CPU.Build.0 = Debug|Any CPU
		{2788E1B0-6D1D-46D6-B4E1-20D3072AC425}.Release|Any CPU.ActiveCfg = Release|Any CPU
		{2788E1B0-6D1D-46D6-B4E1-20D3072AC425}.Release|Any CPU.Build.0 = Release|Any CPU
	EndGlobalSection
	GlobalSection(SolutionProperties) = preSolution
		HideSolutionNode = FALSE
	EndGlobalSection
EndGlobal
